Microsoft Visual Studio Solution File, Format Version 12.00
# Visual Studio Version 17
VisualStudioVersion = 17.5.2.0
MinimumVisualStudioVersion = 10.0.40219.1
Project("{FAE04EC0-301F-11D3-BF4B-00C04F79EFBC}") = "MyModel_CodeFirst", "MyModel_CodeFirst.csproj", "{C65A0A8B-3D34-44EC-B1A0-F75C69EADB46}"
EndProject
Global
	GlobalSection(SolutionConfigurationPlatforms) = preSolution
		Debug|Any CPU = Debug|Any CPU
		Release|Any CPU = Release|Any CPU
	EndGlobalSection
	GlobalSection(ProjectConfigurationPlatforms) = postSolution
		{C65A0A8B-3D34-44EC-B1A0-F75C69EADB46}.Debug|Any CPU.ActiveCfg = Debug|Any CPU
		{C65A0A8B-3D34-44EC-B1A0-F75C69EADB46}.Debug|Any CPU.Build.0 = Debug|Any CPU
		{C65A0A8B-3D34-44EC-B1A0-F75C69EADB46}.Release|Any CPU.ActiveCfg = Release|Any CPU
		{C65A0A8B-3D34-44EC-B1A0-F75C69EADB46}.Release|Any CPU.Build.0 = Release|Any CPU
	EndGlobalSection
	GlobalSection(SolutionProperties) = preSolution
		HideSolutionNode = FALSE
	EndGlobalSection
	GlobalSection(ExtensibilityGlobals) = postSolution
		SolutionGuid = {B081D457-74AD-4349-94B7-010C6D0ECE71}
	EndGlobalSection
EndGlobal
